
Microsoft Visual Studio Solution File, Format Version 12.00
# Visual Studio Version 17
VisualStudioVersion = 17.6.33829.357
MinimumVisualStudioVersion = 10.0.40219.1
Project("{FAE04EC0-301F-11D3-BF4B-00C04F79EFBC}") = "BM-bizonyitvan", "BM-bizonyitvan\BM-bizonyitvan.csproj", "{7D6CCC6F-F40E-456F-9A84-A6186A99F3D2}"
EndProject
Global
	GlobalSection(SolutionConfigurationPlatforms) = preSolution
		Debug|Any CPU = Debug|Any CPU
		Release|Any CPU = Release|Any CPU
	EndGlobalSection
	GlobalSection(ProjectConfigurationPlatforms) = postSolution
		{7D6CCC6F-F40E-456F-9A84-A6186A99F3D2}.Debug|Any CPU.ActiveCfg = Debug|Any CPU
		{7D6CCC6F-F40E-456F-9A84-A6186A99F3D2}.Debug|Any CPU.Build.0 = Debug|Any CPU
		{7D6CCC6F-F40E-456F-9A84-A6186A99F3D2}.Release|Any CPU.ActiveCfg = Release|Any CPU
		{7D6CCC6F-F40E-456F-9A84-A6186A99F3D2}.Release|Any CPU.Build.0 = Release|Any CPU
	EndGlobalSection
	GlobalSection(SolutionProperties) = preSolution
		HideSolutionNode = FALSE
	EndGlobalSection
	GlobalSection(ExtensibilityGlobals) = postSolution
		SolutionGuid = {527DAD01-5DEA-400E-93D2-888AE9BF3F01}
	EndGlobalSection
EndGlobal
