
Microsoft Visual Studio Solution File, Format Version 12.00
# Visual Studio Version 17
VisualStudioVersion = 17.6.33829.357
MinimumVisualStudioVersion = 10.0.40219.1
Project("{FAE04EC0-301F-11D3-BF4B-00C04F79EFBC}") = "BM-lista", "BM-lista\BM-lista.csproj", "{28D5DC59-9639-4F3E-BBBF-59F33C1FDD70}"
EndProject
Project("{FAE04EC0-301F-11D3-BF4B-00C04F79EFBC}") = "autok", "autok\autok.csproj", "{470FEA37-B16D-4658-8E8E-5ABEA07CB407}"
EndProject
Global
	GlobalSection(SolutionConfigurationPlatforms) = preSolution
		Debug|Any CPU = Debug|Any CPU
		Release|Any CPU = Release|Any CPU
	EndGlobalSection
	GlobalSection(ProjectConfigurationPlatforms) = postSolution
		{28D5DC59-9639-4F3E-BBBF-59F33C1FDD70}.Debug|Any CPU.ActiveCfg = Debug|Any CPU
		{28D5DC59-9639-4F3E-BBBF-59F33C1FDD70}.Debug|Any CPU.Build.0 = Debug|Any CPU
		{28D5DC59-9639-4F3E-BBBF-59F33C1FDD70}.Release|Any CPU.ActiveCfg = Release|Any CPU
		{28D5DC59-9639-4F3E-BBBF-59F33C1FDD70}.Release|Any CPU.Build.0 = Release|Any CPU
		{470FEA37-B16D-4658-8E8E-5ABEA07CB407}.Debug|Any CPU.ActiveCfg = Debug|Any CPU
		{470FEA37-B16D-4658-8E8E-5ABEA07CB407}.Debug|Any CPU.Build.0 = Debug|Any CPU
		{470FEA37-B16D-4658-8E8E-5ABEA07CB407}.Release|Any CPU.ActiveCfg = Release|Any CPU
		{470FEA37-B16D-4658-8E8E-5ABEA07CB407}.Release|Any CPU.Build.0 = Release|Any CPU
	EndGlobalSection
	GlobalSection(SolutionProperties) = preSolution
		HideSolutionNode = FALSE
	EndGlobalSection
	GlobalSection(ExtensibilityGlobals) = postSolution
		SolutionGuid = {035DD00D-9168-412E-8056-5C06561FACAC}
	EndGlobalSection
EndGlobal
