
Microsoft Visual Studio Solution File, Format Version 12.00
# Visual Studio Version 17
VisualStudioVersion = 17.6.33829.357
MinimumVisualStudioVersion = 10.0.40219.1
Project("{FAE04EC0-301F-11D3-BF4B-00C04F79EFBC}") = "fv+el", "fv+el\fv+el.csproj", "{BB6982C7-230A-421D-B501-10488A207C1D}"
EndProject
Project("{FAE04EC0-301F-11D3-BF4B-00C04F79EFBC}") = "eljaras_hyak", "eljaras_hyak\eljaras_hyak.csproj", "{4CA196D3-2C3C-455A-85CF-258CDAD0A574}"
EndProject
Project("{FAE04EC0-301F-11D3-BF4B-00C04F79EFBC}") = "BM-E+F-Gyakorlás", "BM-E+F-Gyakorlás\BM-E+F-Gyakorlás.csproj", "{E20AAF92-0760-4685-AC18-C8EDF7DC9EFA}"
EndProject
Global
	GlobalSection(SolutionConfigurationPlatforms) = preSolution
		Debug|Any CPU = Debug|Any CPU
		Release|Any CPU = Release|Any CPU
	EndGlobalSection
	GlobalSection(ProjectConfigurationPlatforms) = postSolution
		{BB6982C7-230A-421D-B501-10488A207C1D}.Debug|Any CPU.ActiveCfg = Debug|Any CPU
		{BB6982C7-230A-421D-B501-10488A207C1D}.Debug|Any CPU.Build.0 = Debug|Any CPU
		{BB6982C7-230A-421D-B501-10488A207C1D}.Release|Any CPU.ActiveCfg = Release|Any CPU
		{BB6982C7-230A-421D-B501-10488A207C1D}.Release|Any CPU.Build.0 = Release|Any CPU
		{4CA196D3-2C3C-455A-85CF-258CDAD0A574}.Debug|Any CPU.ActiveCfg = Debug|Any CPU
		{4CA196D3-2C3C-455A-85CF-258CDAD0A574}.Debug|Any CPU.Build.0 = Debug|Any CPU
		{4CA196D3-2C3C-455A-85CF-258CDAD0A574}.Release|Any CPU.ActiveCfg = Release|Any CPU
		{4CA196D3-2C3C-455A-85CF-258CDAD0A574}.Release|Any CPU.Build.0 = Release|Any CPU
		{E20AAF92-0760-4685-AC18-C8EDF7DC9EFA}.Debug|Any CPU.ActiveCfg = Debug|Any CPU
		{E20AAF92-0760-4685-AC18-C8EDF7DC9EFA}.Debug|Any CPU.Build.0 = Debug|Any CPU
		{E20AAF92-0760-4685-AC18-C8EDF7DC9EFA}.Release|Any CPU.ActiveCfg = Release|Any CPU
		{E20AAF92-0760-4685-AC18-C8EDF7DC9EFA}.Release|Any CPU.Build.0 = Release|Any CPU
	EndGlobalSection
	GlobalSection(SolutionProperties) = preSolution
		HideSolutionNode = FALSE
	EndGlobalSection
	GlobalSection(ExtensibilityGlobals) = postSolution
		SolutionGuid = {125057D3-A236-4D42-885F-D1006DFCF7B6}
	EndGlobalSection
EndGlobal
