
Microsoft Visual Studio Solution File, Format Version 12.00
# Visual Studio Version 17
VisualStudioVersion = 17.6.33829.357
MinimumVisualStudioVersion = 10.0.40219.1
Project("{FAE04EC0-301F-11D3-BF4B-00C04F79EFBC}") = "ut_eredmenyek", "ut_eredmenyek\ut_eredmenyek.csproj", "{7220F907-BAE4-455A-8E1D-B48794C4BAFE}"
EndProject
Global
	GlobalSection(SolutionConfigurationPlatforms) = preSolution
		Debug|Any CPU = Debug|Any CPU
		Release|Any CPU = Release|Any CPU
	EndGlobalSection
	GlobalSection(ProjectConfigurationPlatforms) = postSolution
		{7220F907-BAE4-455A-8E1D-B48794C4BAFE}.Debug|Any CPU.ActiveCfg = Debug|Any CPU
		{7220F907-BAE4-455A-8E1D-B48794C4BAFE}.Debug|Any CPU.Build.0 = Debug|Any CPU
		{7220F907-BAE4-455A-8E1D-B48794C4BAFE}.Release|Any CPU.ActiveCfg = Release|Any CPU
		{7220F907-BAE4-455A-8E1D-B48794C4BAFE}.Release|Any CPU.Build.0 = Release|Any CPU
	EndGlobalSection
	GlobalSection(SolutionProperties) = preSolution
		HideSolutionNode = FALSE
	EndGlobalSection
	GlobalSection(ExtensibilityGlobals) = postSolution
		SolutionGuid = {CD4BF7E8-73BA-4CD2-BB0D-1F6010F306B2}
	EndGlobalSection
EndGlobal
