
Microsoft Visual Studio Solution File, Format Version 12.00
# Visual Studio Version 17
VisualStudioVersion = 17.6.33829.357
MinimumVisualStudioVersion = 10.0.40219.1
Project("{FAE04EC0-301F-11D3-BF4B-00C04F79EFBC}") = "orvosinobeldijasok", "orvosinobeldijasok\orvosinobeldijasok.csproj", "{49D92270-5D40-4C14-81CF-DB31405845E5}"
EndProject
Global
	GlobalSection(SolutionConfigurationPlatforms) = preSolution
		Debug|Any CPU = Debug|Any CPU
		Release|Any CPU = Release|Any CPU
	EndGlobalSection
	GlobalSection(ProjectConfigurationPlatforms) = postSolution
		{49D92270-5D40-4C14-81CF-DB31405845E5}.Debug|Any CPU.ActiveCfg = Debug|Any CPU
		{49D92270-5D40-4C14-81CF-DB31405845E5}.Debug|Any CPU.Build.0 = Debug|Any CPU
		{49D92270-5D40-4C14-81CF-DB31405845E5}.Release|Any CPU.ActiveCfg = Release|Any CPU
		{49D92270-5D40-4C14-81CF-DB31405845E5}.Release|Any CPU.Build.0 = Release|Any CPU
	EndGlobalSection
	GlobalSection(SolutionProperties) = preSolution
		HideSolutionNode = FALSE
	EndGlobalSection
	GlobalSection(ExtensibilityGlobals) = postSolution
		SolutionGuid = {204B6FCA-BBAB-4717-80D6-D2E62D5AFFCD}
	EndGlobalSection
EndGlobal
